
Microsoft Visual Studio Solution File, Format Version 12.00
# Visual Studio Version 17
VisualStudioVersion = 17.1.32210.238
MinimumVisualStudioVersion = 10.0.40219.1
Project("{8BC9CEB8-8B4A-11D0-8D11-00A0C91BC942}") = "Homework 5", "Homework 5\Homework 5.vcxproj", "{F1E54124-2032-4ED0-BF3E-A88FDBF558AA}"
EndProject
Global
	GlobalSection(SolutionConfigurationPlatforms) = preSolution
		Debug|x64 = Debug|x64
		Debug|x86 = Debug|x86
		Release|x64 = Release|x64
		Release|x86 = Release|x86
	EndGlobalSection
	GlobalSection(ProjectConfigurationPlatforms) = postSolution
		{F1E54124-2032-4ED0-BF3E-A88FDBF558AA}.Debug|x64.ActiveCfg = Debug|x64
		{F1E54124-2032-4ED0-BF3E-A88FDBF558AA}.Debug|x64.Build.0 = Debug|x64
		{F1E54124-2032-4ED0-BF3E-A88FDBF558AA}.Debug|x86.ActiveCfg = Debug|Win32
		{F1E54124-2032-4ED0-BF3E-A88FDBF558AA}.Debug|x86.Build.0 = Debug|Win32
		{F1E54124-2032-4ED0-BF3E-A88FDBF558AA}.Release|x64.ActiveCfg = Release|x64
		{F1E54124-2032-4ED0-BF3E-A88FDBF558AA}.Release|x64.Build.0 = Release|x64
		{F1E54124-2032-4ED0-BF3E-A88FDBF558AA}.Release|x86.ActiveCfg = Release|Win32
		{F1E54124-2032-4ED0-BF3E-A88FDBF558AA}.Release|x86.Build.0 = Release|Win32
	EndGlobalSection
	GlobalSection(SolutionProperties) = preSolution
		HideSolutionNode = FALSE
	EndGlobalSection
	GlobalSection(ExtensibilityGlobals) = postSolution
		SolutionGuid = {753B7797-5AAC-49E9-B77D-C1CCD31A90D9}
	EndGlobalSection
EndGlobal
